
Microsoft Visual Studio Solution File, Format Version 12.00
# Visual Studio Version 17
VisualStudioVersion = 17.10.35027.167
MinimumVisualStudioVersion = 10.0.40219.1
Project("{FAE04EC0-301F-11D3-BF4B-00C04F79EFBC}") = "ASMPRN232", "ASMPRN232\ASMPRN232.csproj", "{3B83566F-16B1-4DF8-9A4A-4F7CC550A72D}"
EndProject
Global
	GlobalSection(SolutionConfigurationPlatforms) = preSolution
		Debug|Any CPU = Debug|Any CPU
		Release|Any CPU = Release|Any CPU
	EndGlobalSection
	GlobalSection(ProjectConfigurationPlatforms) = postSolution
		{3B83566F-16B1-4DF8-9A4A-4F7CC550A72D}.Debug|Any CPU.ActiveCfg = Debug|Any CPU
		{3B83566F-16B1-4DF8-9A4A-4F7CC550A72D}.Debug|Any CPU.Build.0 = Debug|Any CPU
		{3B83566F-16B1-4DF8-9A4A-4F7CC550A72D}.Release|Any CPU.ActiveCfg = Release|Any CPU
		{3B83566F-16B1-4DF8-9A4A-4F7CC550A72D}.Release|Any CPU.Build.0 = Release|Any CPU
	EndGlobalSection
	GlobalSection(SolutionProperties) = preSolution
		HideSolutionNode = FALSE
	EndGlobalSection
	GlobalSection(ExtensibilityGlobals) = postSolution
		SolutionGuid = {F6B08C59-DAC7-4724-8ACD-FD904F60D00F}
	EndGlobalSection
EndGlobal
